// !$*UTF8*$!
{
	archiveVersion = 1;
	classes = {
	};
	objectVersion = 46;
	objects = {

/* Begin PBXBuildFile section */
		1E931FAD1D1EC63B00825447 /* AppDelegate.swift in Sources */ = {isa = PBXBuildFile; fileRef = 1E931FAC1D1EC63B00825447 /* AppDelegate.swift */; };
		1E931FAF1D1EC63B00825447 /* FGMatchCollectionViewController.swift in Sources */ = {isa = PBXBuildFile; fileRef = 1E931FAE1D1EC63B00825447 /* FGMatchCollectionViewController.swift */; };
		1E931FB41D1EC63B00825447 /* Assets.xcassets in Resources */ = {isa = PBXBuildFile; fileRef = 1E931FB31D1EC63B00825447 /* Assets.xcassets */; };
		1E931FB71D1EC63B00825447 /* LaunchScreen.storyboard in Resources */ = {isa = PBXBuildFile; fileRef = 1E931FB51D1EC63B00825447 /* LaunchScreen.storyboard */; };
		1E931FC21D1EC63B00825447 /* FootieGifTests.swift in Sources */ = {isa = PBXBuildFile; fileRef = 1E931FC11D1EC63B00825447 /* FootieGifTests.swift */; };
		1E931FCD1D1EC63B00825447 /* FootieGifUITests.swift in Sources */ = {isa = PBXBuildFile; fileRef = 1E931FCC1D1EC63B00825447 /* FootieGifUITests.swift */; };
		1E931FDB1D1EE6C000825447 /* FGMatchCell.swift in Sources */ = {isa = PBXBuildFile; fileRef = 1E931FDA1D1EE6C000825447 /* FGMatchCell.swift */; };
		1E931FDD1D1EE7AB00825447 /* FGMatchCell.xib in Resources */ = {isa = PBXBuildFile; fileRef = 1E931FDC1D1EE7AB00825447 /* FGMatchCell.xib */; };
		1E93200F1D1F00A400825447 /* FGNetworkRequest.swift in Sources */ = {isa = PBXBuildFile; fileRef = 1E93200E1D1F00A400825447 /* FGNetworkRequest.swift */; };
		1E93203A1D1F08F400825447 /* Gifu.framework in Frameworks */ = {isa = PBXBuildFile; fileRef = 1E9320371D1F08D400825447 /* Gifu.framework */; };
		1E93203B1D1F0FB600825447 /* Gifu.framework in Frameworks */ = {isa = PBXBuildFile; fileRef = 1E9320371D1F08D400825447 /* Gifu.framework */; };
		1E93203C1D1F0FB600825447 /* Gifu.framework in Embed Frameworks */ = {isa = PBXBuildFile; fileRef = 1E9320371D1F08D400825447 /* Gifu.framework */; settings = {ATTRIBUTES = (CodeSignOnCopy, RemoveHeadersOnCopy, ); }; };
		1E9320441D20414000825447 /* FGMatch.swift in Sources */ = {isa = PBXBuildFile; fileRef = 1E9320431D20414000825447 /* FGMatch.swift */; };
		1E9320481D20446D00825447 /* FGMatchCollectionViewDataSource.swift in Sources */ = {isa = PBXBuildFile; fileRef = 1E9320471D20446D00825447 /* FGMatchCollectionViewDataSource.swift */; };
		1E93204A1D20464F00825447 /* FGMatchFeedInteractor.swift in Sources */ = {isa = PBXBuildFile; fileRef = 1E9320491D20464F00825447 /* FGMatchFeedInteractor.swift */; };
		1E93204C1D204DCF00825447 /* FGMatchFeedDataProvider.swift in Sources */ = {isa = PBXBuildFile; fileRef = 1E93204B1D204DCF00825447 /* FGMatchFeedDataProvider.swift */; };
		1E93204E1D20512100825447 /* FGMatchFeedConfigurator.swift in Sources */ = {isa = PBXBuildFile; fileRef = 1E93204D1D20512100825447 /* FGMatchFeedConfigurator.swift */; };
		1E9320501D2051D600825447 /* FGMatchFeedRouter.swift in Sources */ = {isa = PBXBuildFile; fileRef = 1E93204F1D2051D600825447 /* FGMatchFeedRouter.swift */; };
		1E9320521D20523C00825447 /* FGMatchFeedPresenter.swift in Sources */ = {isa = PBXBuildFile; fileRef = 1E9320511D20523C00825447 /* FGMatchFeedPresenter.swift */; };
/* End PBXBuildFile section */

/* Begin PBXContainerItemProxy section */
		1E931FBE1D1EC63B00825447 /* PBXContainerItemProxy */ = {
			isa = PBXContainerItemProxy;
			containerPortal = 1E931FA11D1EC63A00825447 /* Project object */;
			proxyType = 1;
			remoteGlobalIDString = 1E931FA81D1EC63A00825447;
			remoteInfo = FootieGif;
		};
		1E931FC91D1EC63B00825447 /* PBXContainerItemProxy */ = {
			isa = PBXContainerItemProxy;
			containerPortal = 1E931FA11D1EC63A00825447 /* Project object */;
			proxyType = 1;
			remoteGlobalIDString = 1E931FA81D1EC63A00825447;
			remoteInfo = FootieGif;
		};
		1E9320361D1F08D400825447 /* PBXContainerItemProxy */ = {
			isa = PBXContainerItemProxy;
			containerPortal = 1E9320311D1F08D400825447 /* Gifu.xcodeproj */;
			proxyType = 2;
			remoteGlobalIDString = 00B8C73E1A364DA400C188E7;
			remoteInfo = Gifu;
		};
		1E9320381D1F08D400825447 /* PBXContainerItemProxy */ = {
			isa = PBXContainerItemProxy;
			containerPortal = 1E9320311D1F08D400825447 /* Gifu.xcodeproj */;
			proxyType = 2;
			remoteGlobalIDString = 009BD1361BBC7F6500FC982B;
			remoteInfo = GifuTests;
		};
		1E93203D1D1F0FB600825447 /* PBXContainerItemProxy */ = {
			isa = PBXContainerItemProxy;
			containerPortal = 1E9320311D1F08D400825447 /* Gifu.xcodeproj */;
			proxyType = 1;
			remoteGlobalIDString = 00B8C73D1A364DA400C188E7;
			remoteInfo = Gifu;
		};
/* End PBXContainerItemProxy section */

/* Begin PBXCopyFilesBuildPhase section */
		1E93203F1D1F0FB600825447 /* Embed Frameworks */ = {
			isa = PBXCopyFilesBuildPhase;
			buildActionMask = 2147483647;
			dstPath = "";
			dstSubfolderSpec = 10;
			files = (
				1E93203C1D1F0FB600825447 /* Gifu.framework in Embed Frameworks */,
			);
			name = "Embed Frameworks";
			runOnlyForDeploymentPostprocessing = 0;
		};
/* End PBXCopyFilesBuildPhase section */

/* Begin PBXFileReference section */
		1E931FA91D1EC63A00825447 /* FootieGif.app */ = {isa = PBXFileReference; explicitFileType = wrapper.application; includeInIndex = 0; path = FootieGif.app; sourceTree = BUILT_PRODUCTS_DIR; };
		1E931FAC1D1EC63B00825447 /* AppDelegate.swift */ = {isa = PBXFileReference; lastKnownFileType = sourcecode.swift; path = AppDelegate.swift; sourceTree = "<group>"; };
		1E931FAE1D1EC63B00825447 /* FGMatchCollectionViewController.swift */ = {isa = PBXFileReference; lastKnownFileType = sourcecode.swift; path = FGMatchCollectionViewController.swift; sourceTree = "<group>"; };
		1E931FB31D1EC63B00825447 /* Assets.xcassets */ = {isa = PBXFileReference; lastKnownFileType = folder.assetcatalog; path = Assets.xcassets; sourceTree = "<group>"; };
		1E931FB61D1EC63B00825447 /* Base */ = {isa = PBXFileReference; lastKnownFileType = file.storyboard; name = Base; path = Base.lproj/LaunchScreen.storyboard; sourceTree = "<group>"; };
		1E931FB81D1EC63B00825447 /* Info.plist */ = {isa = PBXFileReference; lastKnownFileType = text.plist.xml; path = Info.plist; sourceTree = "<group>"; };
		1E931FBD1D1EC63B00825447 /* FootieGifTests.xctest */ = {isa = PBXFileReference; explicitFileType = wrapper.cfbundle; includeInIndex = 0; path = FootieGifTests.xctest; sourceTree = BUILT_PRODUCTS_DIR; };
		1E931FC11D1EC63B00825447 /* FootieGifTests.swift */ = {isa = PBXFileReference; lastKnownFileType = sourcecode.swift; path = FootieGifTests.swift; sourceTree = "<group>"; };
		1E931FC31D1EC63B00825447 /* Info.plist */ = {isa = PBXFileReference; lastKnownFileType = text.plist.xml; path = Info.plist; sourceTree = "<group>"; };
		1E931FC81D1EC63B00825447 /* FootieGifUITests.xctest */ = {isa = PBXFileReference; explicitFileType = wrapper.cfbundle; includeInIndex = 0; path = FootieGifUITests.xctest; sourceTree = BUILT_PRODUCTS_DIR; };
		1E931FCC1D1EC63B00825447 /* FootieGifUITests.swift */ = {isa = PBXFileReference; lastKnownFileType = sourcecode.swift; path = FootieGifUITests.swift; sourceTree = "<group>"; };
		1E931FCE1D1EC63B00825447 /* Info.plist */ = {isa = PBXFileReference; lastKnownFileType = text.plist.xml; path = Info.plist; sourceTree = "<group>"; };
		1E931FDA1D1EE6C000825447 /* FGMatchCell.swift */ = {isa = PBXFileReference; fileEncoding = 4; lastKnownFileType = sourcecode.swift; path = FGMatchCell.swift; sourceTree = "<group>"; };
		1E931FDC1D1EE7AB00825447 /* FGMatchCell.xib */ = {isa = PBXFileReference; fileEncoding = 4; lastKnownFileType = file.xib; path = FGMatchCell.xib; sourceTree = "<group>"; };
		1E93200E1D1F00A400825447 /* FGNetworkRequest.swift */ = {isa = PBXFileReference; fileEncoding = 4; lastKnownFileType = sourcecode.swift; path = FGNetworkRequest.swift; sourceTree = "<group>"; };
		1E9320311D1F08D400825447 /* Gifu.xcodeproj */ = {isa = PBXFileReference; lastKnownFileType = "wrapper.pb-project"; name = Gifu.xcodeproj; path = "../../Downloads/Gifu-master/Gifu.xcodeproj"; sourceTree = "<group>"; };
		1E9320431D20414000825447 /* FGMatch.swift */ = {isa = PBXFileReference; fileEncoding = 4; lastKnownFileType = sourcecode.swift; path = FGMatch.swift; sourceTree = "<group>"; };
		1E9320471D20446D00825447 /* FGMatchCollectionViewDataSource.swift */ = {isa = PBXFileReference; fileEncoding = 4; lastKnownFileType = sourcecode.swift; path = FGMatchCollectionViewDataSource.swift; sourceTree = "<group>"; };
		1E9320491D20464F00825447 /* FGMatchFeedInteractor.swift */ = {isa = PBXFileReference; fileEncoding = 4; lastKnownFileType = sourcecode.swift; path = FGMatchFeedInteractor.swift; sourceTree = "<group>"; };
		1E93204B1D204DCF00825447 /* FGMatchFeedDataProvider.swift */ = {isa = PBXFileReference; fileEncoding = 4; lastKnownFileType = sourcecode.swift; path = FGMatchFeedDataProvider.swift; sourceTree = "<group>"; };
		1E93204D1D20512100825447 /* FGMatchFeedConfigurator.swift */ = {isa = PBXFileReference; fileEncoding = 4; lastKnownFileType = sourcecode.swift; path = FGMatchFeedConfigurator.swift; sourceTree = "<group>"; };
		1E93204F1D2051D600825447 /* FGMatchFeedRouter.swift */ = {isa = PBXFileReference; fileEncoding = 4; lastKnownFileType = sourcecode.swift; path = FGMatchFeedRouter.swift; sourceTree = "<group>"; };
		1E9320511D20523C00825447 /* FGMatchFeedPresenter.swift */ = {isa = PBXFileReference; fileEncoding = 4; lastKnownFileType = sourcecode.swift; path = FGMatchFeedPresenter.swift; sourceTree = "<group>"; };
/* End PBXFileReference section */

/* Begin PBXFrameworksBuildPhase section */
		1E931FA61D1EC63A00825447 /* Frameworks */ = {
			isa = PBXFrameworksBuildPhase;
			buildActionMask = 2147483647;
			files = (
				1E93203A1D1F08F400825447 /* Gifu.framework in Frameworks */,
				1E93203B1D1F0FB600825447 /* Gifu.framework in Frameworks */,
			);
			runOnlyForDeploymentPostprocessing = 0;
		};
		1E931FBA1D1EC63B00825447 /* Frameworks */ = {
			isa = PBXFrameworksBuildPhase;
			buildActionMask = 2147483647;
			files = (
			);
			runOnlyForDeploymentPostprocessing = 0;
		};
		1E931FC51D1EC63B00825447 /* Frameworks */ = {
			isa = PBXFrameworksBuildPhase;
			buildActionMask = 2147483647;
			files = (
			);
			runOnlyForDeploymentPostprocessing = 0;
		};
/* End PBXFrameworksBuildPhase section */

/* Begin PBXGroup section */
		1E931FA01D1EC63A00825447 = {
			isa = PBXGroup;
			children = (
				1E9320311D1F08D400825447 /* Gifu.xcodeproj */,
				1E931FAB1D1EC63B00825447 /* FootieGif */,
				1E931FC01D1EC63B00825447 /* FootieGifTests */,
				1E931FCB1D1EC63B00825447 /* FootieGifUITests */,
				1E931FAA1D1EC63A00825447 /* Products */,
			);
			sourceTree = "<group>";
		};
		1E931FAA1D1EC63A00825447 /* Products */ = {
			isa = PBXGroup;
			children = (
				1E931FA91D1EC63A00825447 /* FootieGif.app */,
				1E931FBD1D1EC63B00825447 /* FootieGifTests.xctest */,
				1E931FC81D1EC63B00825447 /* FootieGifUITests.xctest */,
			);
			name = Products;
			sourceTree = "<group>";
		};
		1E931FAB1D1EC63B00825447 /* FootieGif */ = {
			isa = PBXGroup;
			children = (
				1E9320451D20441E00825447 /* Supporting Files */,
				1E9320461D20443900825447 /* UI */,
				1E9320421D20412800825447 /* Model */,
				1E9320531D20541900825447 /* Scenes */,
				1E93200E1D1F00A400825447 /* FGNetworkRequest.swift */,
				1E93204B1D204DCF00825447 /* FGMatchFeedDataProvider.swift */,
			);
			path = FootieGif;
			sourceTree = "<group>";
		};
		1E931FC01D1EC63B00825447 /* FootieGifTests */ = {
			isa = PBXGroup;
			children = (
				1E931FC11D1EC63B00825447 /* FootieGifTests.swift */,
				1E931FC31D1EC63B00825447 /* Info.plist */,
			);
			path = FootieGifTests;
			sourceTree = "<group>";
		};
		1E931FCB1D1EC63B00825447 /* FootieGifUITests */ = {
			isa = PBXGroup;
			children = (
				1E931FCC1D1EC63B00825447 /* FootieGifUITests.swift */,
				1E931FCE1D1EC63B00825447 /* Info.plist */,
			);
			path = FootieGifUITests;
			sourceTree = "<group>";
		};
		1E9320321D1F08D400825447 /* Products */ = {
			isa = PBXGroup;
			children = (
				1E9320371D1F08D400825447 /* Gifu.framework */,
				1E9320391D1F08D400825447 /* GifuTests.xctest */,
			);
			name = Products;
			sourceTree = "<group>";
		};
		1E9320421D20412800825447 /* Model */ = {
			isa = PBXGroup;
			children = (
				1E9320431D20414000825447 /* FGMatch.swift */,
			);
			name = Model;
			sourceTree = "<group>";
		};
		1E9320451D20441E00825447 /* Supporting Files */ = {
			isa = PBXGroup;
			children = (
				1E931FAC1D1EC63B00825447 /* AppDelegate.swift */,
				1E931FB31D1EC63B00825447 /* Assets.xcassets */,
				1E931FB51D1EC63B00825447 /* LaunchScreen.storyboard */,
				1E931FB81D1EC63B00825447 /* Info.plist */,
			);
			name = "Supporting Files";
			sourceTree = "<group>";
		};
		1E9320461D20443900825447 /* UI */ = {
			isa = PBXGroup;
			children = (
				1E931FDA1D1EE6C000825447 /* FGMatchCell.swift */,
				1E931FDC1D1EE7AB00825447 /* FGMatchCell.xib */,
			);
			name = UI;
			sourceTree = "<group>";
		};
		1E9320531D20541900825447 /* Scenes */ = {
			isa = PBXGroup;
			children = (
				1E931FAE1D1EC63B00825447 /* FGMatchCollectionViewController.swift */,
				1E9320491D20464F00825447 /* FGMatchFeedInteractor.swift */,
				1E9320511D20523C00825447 /* FGMatchFeedPresenter.swift */,
				1E9320471D20446D00825447 /* FGMatchCollectionViewDataSource.swift */,
				1E93204D1D20512100825447 /* FGMatchFeedConfigurator.swift */,
				1E93204F1D2051D600825447 /* FGMatchFeedRouter.swift */,
			);
			name = Scenes;
			sourceTree = "<group>";
		};
/* End PBXGroup section */

/* Begin PBXNativeTarget section */
		1E931FA81D1EC63A00825447 /* FootieGif */ = {
			isa = PBXNativeTarget;
			buildConfigurationList = 1E931FD11D1EC63B00825447 /* Build configuration list for PBXNativeTarget "FootieGif" */;
			buildPhases = (
				1E931FA51D1EC63A00825447 /* Sources */,
				1E931FA61D1EC63A00825447 /* Frameworks */,
				1E931FA71D1EC63A00825447 /* Resources */,
				1E93203F1D1F0FB600825447 /* Embed Frameworks */,
			);
			buildRules = (
			);
			dependencies = (
				1E93203E1D1F0FB600825447 /* PBXTargetDependency */,
			);
			name = FootieGif;
			productName = FootieGif;
			productReference = 1E931FA91D1EC63A00825447 /* FootieGif.app */;
			productType = "com.apple.product-type.application";
		};
		1E931FBC1D1EC63B00825447 /* FootieGifTests */ = {
			isa = PBXNativeTarget;
			buildConfigurationList = 1E931FD41D1EC63B00825447 /* Build configuration list for PBXNativeTarget "FootieGifTests" */;
			buildPhases = (
				1E931FB91D1EC63B00825447 /* Sources */,
				1E931FBA1D1EC63B00825447 /* Frameworks */,
				1E931FBB1D1EC63B00825447 /* Resources */,
			);
			buildRules = (
			);
			dependencies = (
				1E931FBF1D1EC63B00825447 /* PBXTargetDependency */,
			);
			name = FootieGifTests;
			productName = FootieGifTests;
			productReference = 1E931FBD1D1EC63B00825447 /* FootieGifTests.xctest */;
			productType = "com.apple.product-type.bundle.unit-test";
		};
		1E931FC71D1EC63B00825447 /* FootieGifUITests */ = {
			isa = PBXNativeTarget;
			buildConfigurationList = 1E931FD71D1EC63B00825447 /* Build configuration list for PBXNativeTarget "FootieGifUITests" */;
			buildPhases = (
				1E931FC41D1EC63B00825447 /* Sources */,
				1E931FC51D1EC63B00825447 /* Frameworks */,
				1E931FC61D1EC63B00825447 /* Resources */,
			);
			buildRules = (
			);
			dependencies = (
				1E931FCA1D1EC63B00825447 /* PBXTargetDependency */,
			);
			name = FootieGifUITests;
			productName = FootieGifUITests;
			productReference = 1E931FC81D1EC63B00825447 /* FootieGifUITests.xctest */;
			productType = "com.apple.product-type.bundle.ui-testing";
		};
/* End PBXNativeTarget section */

/* Begin PBXProject section */
		1E931FA11D1EC63A00825447 /* Project object */ = {
			isa = PBXProject;
			attributes = {
				LastSwiftUpdateCheck = 0730;
				LastUpgradeCheck = 0730;
				ORGANIZATIONNAME = fg;
				TargetAttributes = {
					1E931FA81D1EC63A00825447 = {
						CreatedOnToolsVersion = 7.3.1;
					};
					1E931FBC1D1EC63B00825447 = {
						CreatedOnToolsVersion = 7.3.1;
						TestTargetID = 1E931FA81D1EC63A00825447;
					};
					1E931FC71D1EC63B00825447 = {
						CreatedOnToolsVersion = 7.3.1;
						TestTargetID = 1E931FA81D1EC63A00825447;
					};
				};
			};
			buildConfigurationList = 1E931FA41D1EC63A00825447 /* Build configuration list for PBXProject "FootieGif" */;
			compatibilityVersion = "Xcode 3.2";
			developmentRegion = English;
			hasScannedForEncodings = 0;
			knownRegions = (
				en,
				Base,
			);
			mainGroup = 1E931FA01D1EC63A00825447;
			productRefGroup = 1E931FAA1D1EC63A00825447 /* Products */;
			projectDirPath = "";
			projectReferences = (
				{
					ProductGroup = 1E9320321D1F08D400825447 /* Products */;
					ProjectRef = 1E9320311D1F08D400825447 /* Gifu.xcodeproj */;
				},
			);
			projectRoot = "";
			targets = (
				1E931FA81D1EC63A00825447 /* FootieGif */,
				1E931FBC1D1EC63B00825447 /* FootieGifTests */,
				1E931FC71D1EC63B00825447 /* FootieGifUITests */,
			);
		};
/* End PBXProject section */

/* Begin PBXReferenceProxy section */
		1E9320371D1F08D400825447 /* Gifu.framework */ = {
			isa = PBXReferenceProxy;
			fileType = wrapper.framework;
			path = Gifu.framework;
			remoteRef = 1E9320361D1F08D400825447 /* PBXContainerItemProxy */;
			sourceTree = BUILT_PRODUCTS_DIR;
		};
		1E9320391D1F08D400825447 /* GifuTests.xctest */ = {
			isa = PBXReferenceProxy;
			fileType = wrapper.cfbundle;
			path = GifuTests.xctest;
			remoteRef = 1E9320381D1F08D400825447 /* PBXContainerItemProxy */;
			sourceTree = BUILT_PRODUCTS_DIR;
		};
/* End PBXReferenceProxy section */

/* Begin PBXResourcesBuildPhase section */
		1E931FA71D1EC63A00825447 /* Resources */ = {
			isa = PBXResourcesBuildPhase;
			buildActionMask = 2147483647;
			files = (
				1E931FB71D1EC63B00825447 /* LaunchScreen.storyboard in Resources */,
				1E931FB41D1EC63B00825447 /* Assets.xcassets in Resources */,
				1E931FDD1D1EE7AB00825447 /* FGMatchCell.xib in Resources */,
			);
			runOnlyForDeploymentPostprocessing = 0;
		};
		1E931FBB1D1EC63B00825447 /* Resources */ = {
			isa = PBXResourcesBuildPhase;
			buildActionMask = 2147483647;
			files = (
			);
			runOnlyForDeploymentPostprocessing = 0;
		};
		1E931FC61D1EC63B00825447 /* Resources */ = {
			isa = PBXResourcesBuildPhase;
			buildActionMask = 2147483647;
			files = (
			);
			runOnlyForDeploymentPostprocessing = 0;
		};
/* End PBXResourcesBuildPhase section */

/* Begin PBXSourcesBuildPhase section */
		1E931FA51D1EC63A00825447 /* Sources */ = {
			isa = PBXSourcesBuildPhase;
			buildActionMask = 2147483647;
			files = (
				1E931FAF1D1EC63B00825447 /* FGMatchCollectionViewController.swift in Sources */,
				1E93204E1D20512100825447 /* FGMatchFeedConfigurator.swift in Sources */,
				1E931FDB1D1EE6C000825447 /* FGMatchCell.swift in Sources */,
				1E9320501D2051D600825447 /* FGMatchFeedRouter.swift in Sources */,
				1E93200F1D1F00A400825447 /* FGNetworkRequest.swift in Sources */,
				1E93204C1D204DCF00825447 /* FGMatchFeedDataProvider.swift in Sources */,
				1E931FAD1D1EC63B00825447 /* AppDelegate.swift in Sources */,
				1E93204A1D20464F00825447 /* FGMatchFeedInteractor.swift in Sources */,
				1E9320481D20446D00825447 /* FGMatchCollectionViewDataSource.swift in Sources */,
				1E9320521D20523C00825447 /* FGMatchFeedPresenter.swift in Sources */,
				1E9320441D20414000825447 /* FGMatch.swift in Sources */,
			);
			runOnlyForDeploymentPostprocessing = 0;
		};
		1E931FB91D1EC63B00825447 /* Sources */ = {
			isa = PBXSourcesBuildPhase;
			buildActionMask = 2147483647;
			files = (
				1E931FC21D1EC63B00825447 /* FootieGifTests.swift in Sources */,
			);
			runOnlyForDeploymentPostprocessing = 0;
		};
		1E931FC41D1EC63B00825447 /* Sources */ = {
			isa = PBXSourcesBuildPhase;
			buildActionMask = 2147483647;
			files = (
				1E931FCD1D1EC63B00825447 /* FootieGifUITests.swift in Sources */,
			);
			runOnlyForDeploymentPostprocessing = 0;
		};
/* End PBXSourcesBuildPhase section */

/* Begin PBXTargetDependency section */
		1E931FBF1D1EC63B00825447 /* PBXTargetDependency */ = {
			isa = PBXTargetDependency;
			target = 1E931FA81D1EC63A00825447 /* FootieGif */;
			targetProxy = 1E931FBE1D1EC63B00825447 /* PBXContainerItemProxy */;
		};
		1E931FCA1D1EC63B00825447 /* PBXTargetDependency */ = {
			isa = PBXTargetDependency;
			target = 1E931FA81D1EC63A00825447 /* FootieGif */;
			targetProxy = 1E931FC91D1EC63B00825447 /* PBXContainerItemProxy */;
		};
		1E93203E1D1F0FB600825447 /* PBXTargetDependency */ = {
			isa = PBXTargetDependency;
			name = Gifu;
			targetProxy = 1E93203D1D1F0FB600825447 /* PBXContainerItemProxy */;
		};
/* End PBXTargetDependency section */

/* Begin PBXVariantGroup section */
		1E931FB51D1EC63B00825447 /* LaunchScreen.storyboard */ = {
			isa = PBXVariantGroup;
			children = (
				1E931FB61D1EC63B00825447 /* Base */,
			);
			name = LaunchScreen.storyboard;
			sourceTree = "<group>";
		};
/* End PBXVariantGroup section */

/* Begin XCBuildConfiguration section */
		1E931FCF1D1EC63B00825447 /* Debug */ = {
			isa = XCBuildConfiguration;
			buildSettings = {
				ALWAYS_SEARCH_USER_PATHS = NO;
				CLANG_ANALYZER_NONNULL = YES;
				CLANG_CXX_LANGUAGE_STANDARD = "gnu++0x";
				CLANG_CXX_LIBRARY = "libc++";
				CLANG_ENABLE_MODULES = YES;
				CLANG_ENABLE_OBJC_ARC = YES;
				CLANG_WARN_BOOL_CONVERSION = YES;
				CLANG_WARN_CONSTANT_CONVERSION = YES;
				CLANG_WARN_DIRECT_OBJC_ISA_USAGE = YES_ERROR;
				CLANG_WARN_EMPTY_BODY = YES;
				CLANG_WARN_ENUM_CONVERSION = YES;
				CLANG_WARN_INT_CONVERSION = YES;
				CLANG_WARN_OBJC_ROOT_CLASS = YES_ERROR;
				CLANG_WARN_UNREACHABLE_CODE = YES;
				CLANG_WARN__DUPLICATE_METHOD_MATCH = YES;
				"CODE_SIGN_IDENTITY[sdk=iphoneos*]" = "iPhone Developer";
				COPY_PHASE_STRIP = NO;
				DEBUG_INFORMATION_FORMAT = dwarf;
				ENABLE_STRICT_OBJC_MSGSEND = YES;
				ENABLE_TESTABILITY = YES;
				GCC_C_LANGUAGE_STANDARD = gnu99;
				GCC_DYNAMIC_NO_PIC = NO;
				GCC_NO_COMMON_BLOCKS = YES;
				GCC_OPTIMIZATION_LEVEL = 0;
				GCC_PREPROCESSOR_DEFINITIONS = (
					"DEBUG=1",
					"$(inherited)",
				);
				GCC_WARN_64_TO_32_BIT_CONVERSION = YES;
				GCC_WARN_ABOUT_RETURN_TYPE = YES_ERROR;
				GCC_WARN_UNDECLARED_SELECTOR = YES;
				GCC_WARN_UNINITIALIZED_AUTOS = YES_AGGRESSIVE;
				GCC_WARN_UNUSED_FUNCTION = YES;
				GCC_WARN_UNUSED_VARIABLE = YES;
				IPHONEOS_DEPLOYMENT_TARGET = 9.3;
				MTL_ENABLE_DEBUG_INFO = YES;
				ONLY_ACTIVE_ARCH = YES;
				SDKROOT = iphoneos;
				SWIFT_OPTIMIZATION_LEVEL = "-Onone";
			};
			name = Debug;
		};
		1E931FD01D1EC63B00825447 /* Release */ = {
			isa = XCBuildConfiguration;
			buildSettings = {
				ALWAYS_SEARCH_USER_PATHS = NO;
				CLANG_ANALYZER_NONNULL = YES;
				CLANG_CXX_LANGUAGE_STANDARD = "gnu++0x";
				CLANG_CXX_LIBRARY = "libc++";
				CLANG_ENABLE_MODULES = YES;
				CLANG_ENABLE_OBJC_ARC = YES;
				CLANG_WARN_BOOL_CONVERSION = YES;
				CLANG_WARN_CONSTANT_CONVERSION = YES;
				CLANG_WARN_DIRECT_OBJC_ISA_USAGE = YES_ERROR;
				CLANG_WARN_EMPTY_BODY = YES;
				CLANG_WARN_ENUM_CONVERSION = YES;
				CLANG_WARN_INT_CONVERSION = YES;
				CLANG_WARN_OBJC_ROOT_CLASS = YES_ERROR;
				CLANG_WARN_UNREACHABLE_CODE = YES;
				CLANG_WARN__DUPLICATE_METHOD_MATCH = YES;
				"CODE_SIGN_IDENTITY[sdk=iphoneos*]" = "iPhone Developer";
				COPY_PHASE_STRIP = NO;
				DEBUG_INFORMATION_FORMAT = "dwarf-with-dsym";
				ENABLE_NS_ASSERTIONS = NO;
				ENABLE_STRICT_OBJC_MSGSEND = YES;
				GCC_C_LANGUAGE_STANDARD = gnu99;
				GCC_NO_COMMON_BLOCKS = YES;
				GCC_WARN_64_TO_32_BIT_CONVERSION = YES;
				GCC_WARN_ABOUT_RETURN_TYPE = YES_ERROR;
				GCC_WARN_UNDECLARED_SELECTOR = YES;
				GCC_WARN_UNINITIALIZED_AUTOS = YES_AGGRESSIVE;
				GCC_WARN_UNUSED_FUNCTION = YES;
				GCC_WARN_UNUSED_VARIABLE = YES;
				IPHONEOS_DEPLOYMENT_TARGET = 9.3;
				MTL_ENABLE_DEBUG_INFO = NO;
				SDKROOT = iphoneos;
				VALIDATE_PRODUCT = YES;
			};
			name = Release;
		};
		1E931FD21D1EC63B00825447 /* Debug */ = {
			isa = XCBuildConfiguration;
			buildSettings = {
				ASSETCATALOG_COMPILER_APPICON_NAME = AppIcon;
				EMBEDDED_CONTENT_CONTAINS_SWIFT = YES;
				INFOPLIST_FILE = FootieGif/Info.plist;
				LD_RUNPATH_SEARCH_PATHS = "$(inherited) @executable_path/Frameworks";
				PRODUCT_BUNDLE_IDENTIFIER = fg.FootieGif;
				PRODUCT_NAME = "$(TARGET_NAME)";
			};
			name = Debug;
		};
		1E931FD31D1EC63B00825447 /* Release */ = {
			isa = XCBuildConfiguration;
			buildSettings = {
				ASSETCATALOG_COMPILER_APPICON_NAME = AppIcon;
				EMBEDDED_CONTENT_CONTAINS_SWIFT = YES;
				INFOPLIST_FILE = FootieGif/Info.plist;
				LD_RUNPATH_SEARCH_PATHS = "$(inherited) @executable_path/Frameworks";
				PRODUCT_BUNDLE_IDENTIFIER = fg.FootieGif;
				PRODUCT_NAME = "$(TARGET_NAME)";
			};
			name = Release;
		};
		1E931FD51D1EC63B00825447 /* Debug */ = {
			isa = XCBuildConfiguration;
			buildSettings = {
				BUNDLE_LOADER = "$(TEST_HOST)";
				INFOPLIST_FILE = FootieGifTests/Info.plist;
				LD_RUNPATH_SEARCH_PATHS = "$(inherited) @executable_path/Frameworks @loader_path/Frameworks";
				PRODUCT_BUNDLE_IDENTIFIER = fg.FootieGifTests;
				PRODUCT_NAME = "$(TARGET_NAME)";
				TEST_HOST = "$(BUILT_PRODUCTS_DIR)/FootieGif.app/FootieGif";
			};
			name = Debug;
		};
		1E931FD61D1EC63B00825447 /* Release */ = {
			isa = XCBuildConfiguration;
			buildSettings = {
				BUNDLE_LOADER = "$(TEST_HOST)";
				INFOPLIST_FILE = FootieGifTests/Info.plist;
				LD_RUNPATH_SEARCH_PATHS = "$(inherited) @executable_path/Frameworks @loader_path/Frameworks";
				PRODUCT_BUNDLE_IDENTIFIER = fg.FootieGifTests;
				PRODUCT_NAME = "$(TARGET_NAME)";
				TEST_HOST = "$(BUILT_PRODUCTS_DIR)/FootieGif.app/FootieGif";
			};
			name = Release;
		};
		1E931FD81D1EC63B00825447 /* Debug */ = {
			isa = XCBuildConfiguration;
			buildSettings = {
				INFOPLIST_FILE = FootieGifUITests/Info.plist;
				LD_RUNPATH_SEARCH_PATHS = "$(inherited) @executable_path/Frameworks @loader_path/Frameworks";
				PRODUCT_BUNDLE_IDENTIFIER = fg.FootieGifUITests;
				PRODUCT_NAME = "$(TARGET_NAME)";
				TEST_TARGET_NAME = FootieGif;
			};
			name = Debug;
		};
		1E931FD91D1EC63B00825447 /* Release */ = {
			isa = XCBuildConfiguration;
			buildSettings = {
				INFOPLIST_FILE = FootieGifUITests/Info.plist;
				LD_RUNPATH_SEARCH_PATHS = "$(inherited) @executable_path/Frameworks @loader_path/Frameworks";
				PRODUCT_BUNDLE_IDENTIFIER = fg.FootieGifUITests;
				PRODUCT_NAME = "$(TARGET_NAME)";
				TEST_TARGET_NAME = FootieGif;
			};
			name = Release;
		};
/* End XCBuildConfiguration section */

/* Begin XCConfigurationList section */
		1E931FA41D1EC63A00825447 /* Build configuration list for PBXProject "FootieGif" */ = {
			isa = XCConfigurationList;
			buildConfigurations = (
				1E931FCF1D1EC63B00825447 /* Debug */,
				1E931FD01D1EC63B00825447 /* Release */,
			);
			defaultConfigurationIsVisible = 0;
			defaultConfigurationName = Release;
		};
		1E931FD11D1EC63B00825447 /* Build configuration list for PBXNativeTarget "FootieGif" */ = {
			isa = XCConfigurationList;
			buildConfigurations = (
				1E931FD21D1EC63B00825447 /* Debug */,
				1E931FD31D1EC63B00825447 /* Release */,
			);
			defaultConfigurationIsVisible = 0;
		};
		1E931FD41D1EC63B00825447 /* Build configuration list for PBXNativeTarget "FootieGifTests" */ = {
			isa = XCConfigurationList;
			buildConfigurations = (
				1E931FD51D1EC63B00825447 /* Debug */,
				1E931FD61D1EC63B00825447 /* Release */,
			);
			defaultConfigurationIsVisible = 0;
		};
		1E931FD71D1EC63B00825447 /* Build configuration list for PBXNativeTarget "FootieGifUITests" */ = {
			isa = XCConfigurationList;
			buildConfigurations = (
				1E931FD81D1EC63B00825447 /* Debug */,
				1E931FD91D1EC63B00825447 /* Release */,
			);
			defaultConfigurationIsVisible = 0;
		};
/* End XCConfigurationList section */
	};
	rootObject = 1E931FA11D1EC63A00825447 /* Project object */;
}
